# This file is automatically @generated by Cargo.
# It is not intended for manual editing.
version = 3

[[package]]
name = "array-const-fn-init"
version = "0.1.1"
source = "registry+https://github.com/rust-lang/crates.io-index"
checksum = "8bcb85e548c05d407fa6faff46b750ba287714ef32afc0f5e15b4641ffd6affb"

[[package]]
name = "autocfg"
version = "1.2.0"
source = "registry+https://github.com/rust-lang/crates.io-index"
checksum = "f1fdabc7756949593fe60f30ec81974b613357de856987752631dea1e3394c80"

[[package]]
name = "const_soft_float"
version = "0.1.4"
source = "registry+https://github.com/rust-lang/crates.io-index"
checksum = "87ca1caa64ef4ed453e68bb3db612e51cf1b2f5b871337f0fcab1c8f87cc3dff"

[[package]]
name = "epsi"
version = "0.1.1"
source = "registry+https://github.com/rust-lang/crates.io-index"
checksum = "917a7ce5cf4761bbfceebff450ef9cab02d98087bf04f28eea3035dbe7da925b"

[[package]]
name = "epui"
version = "0.1.1"
source = "registry+https://github.com/rust-lang/crates.io-index"
checksum = "f40c5d22454a05692c258a7537fe0a496f3f4b19d2c9045720c567306c493c29"

[[package]]
name = "midpoint"
version = "0.1.5"
source = "registry+https://github.com/rust-lang/crates.io-index"
checksum = "4ac995bda97a9131f568571fa80f3e6890d0a30268300a72e42b0d2488b8deee"
dependencies = [
 "epsi",
 "epui",
 "primitive_promotion",
]

[[package]]
name = "num-traits"
version = "0.2.18"
source = "registry+https://github.com/rust-lang/crates.io-index"
checksum = "da0df0e5185db44f69b44f26786fe401b6c293d1907744beaa7fa62b2e5a517a"
dependencies = [
 "autocfg",
]

[[package]]
name = "osc_tuner"
version = "0.1.0"
dependencies = [
 "array-const-fn-init",
 "const_soft_float",
 "midpoint",
 "num-traits",
 "static_assertions",
 "uxt",
 "xbounded",
]

[[package]]
name = "primitive_promotion"
version = "0.1.4"
source = "registry+https://github.com/rust-lang/crates.io-index"
checksum = "427e9b700a2bc50534879b34b38ac7eac5418bf3de6cb991bbbfbec9cd4e196f"

[[package]]
name = "static_assertions"
version = "1.1.0"
source = "registry+https://github.com/rust-lang/crates.io-index"
checksum = "a2eb9349b6444b326872e140eb1cf5e7c522154d69e7a0ffb0fb81c06b37543f"

[[package]]
name = "ux"
version = "0.1.6"
source = "registry+https://github.com/rust-lang/crates.io-index"
checksum = "3b59fc5417e036e53226bbebd90196825d358624fd5577432c4e486c95b1b096"

[[package]]
name = "uxt"
version = "0.1.0"
dependencies = [
 "ux",
]

[[package]]
name = "xbounded"
version = "0.1.0"
